// !$*UTF8*$!
{
	archiveVersion = 1;
	classes = {
	};
	objectVersion = 46;
	objects = {

/* Begin PBXBuildFile section */
		C34D8287149DC2FD00D0413E /* UIKit.framework in Frameworks */ = {isa = PBXBuildFile; fileRef = C34D8286149DC2FD00D0413E /* UIKit.framework */; };
		C34D8289149DC2FD00D0413E /* Foundation.framework in Frameworks */ = {isa = PBXBuildFile; fileRef = C34D8288149DC2FD00D0413E /* Foundation.framework */; };
		C34D828B149DC2FD00D0413E /* CoreGraphics.framework in Frameworks */ = {isa = PBXBuildFile; fileRef = C34D828A149DC2FD00D0413E /* CoreGraphics.framework */; };
		C34D8291149DC2FD00D0413E /* InfoPlist.strings in Resources */ = {isa = PBXBuildFile; fileRef = C34D828F149DC2FD00D0413E /* InfoPlist.strings */; };
		C34D8293149DC2FD00D0413E /* main.m in Sources */ = {isa = PBXBuildFile; fileRef = C34D8292149DC2FD00D0413E /* main.m */; };
		C34D8297149DC2FD00D0413E /* AppDelegate.m in Sources */ = {isa = PBXBuildFile; fileRef = C34D8296149DC2FD00D0413E /* AppDelegate.m */; };
		C34D829A149DC2FD00D0413E /* MainStoryboard.storyboard in Resources */ = {isa = PBXBuildFile; fileRef = C34D8298149DC2FD00D0413E /* MainStoryboard.storyboard */; };
		C34D829D149DC2FD00D0413E /* ViewController.m in Sources */ = {isa = PBXBuildFile; fileRef = C34D829C149DC2FD00D0413E /* ViewController.m */; };
		C34D82A4149DC33F00D0413E /* MediaPlayer.framework in Frameworks */ = {isa = PBXBuildFile; fileRef = C34D82A3149DC33F00D0413E /* MediaPlayer.framework */; };
		C34D82A6149DC72200D0413E /* sample.m4v in Resources */ = {isa = PBXBuildFile; fileRef = C34D82A5149DC72200D0413E /* sample.m4v */; };
/* End PBXBuildFile section */

/* Begin PBXFileReference section */
		C34D8282149DC2FD00D0413E /* SampleVideoStreamApp.app */ = {isa = PBXFileReference; explicitFileType = wrapper.application; includeInIndex = 0; path = SampleVideoStreamApp.app; sourceTree = BUILT_PRODUCTS_DIR; };
		C34D8286149DC2FD00D0413E /* UIKit.framework */ = {isa = PBXFileReference; lastKnownFileType = wrapper.framework; name = UIKit.framework; path = System/Library/Frameworks/UIKit.framework; sourceTree = SDKROOT; };
		C34D8288149DC2FD00D0413E /* Foundation.framework */ = {isa = PBXFileReference; lastKnownFileType = wrapper.framework; name = Foundation.framework; path = System/Library/Frameworks/Foundation.framework; sourceTree = SDKROOT; };
		C34D828A149DC2FD00D0413E /* CoreGraphics.framework */ = {isa = PBXFileReference; lastKnownFileType = wrapper.framework; name = CoreGraphics.framework; path = System/Library/Frameworks/CoreGraphics.framework; sourceTree = SDKROOT; };
		C34D828E149DC2FD00D0413E /* SampleVideoStreamApp-Info.plist */ = {isa = PBXFileReference; lastKnownFileType = text.plist.xml; path = "SampleVideoStreamApp-Info.plist"; sourceTree = "<group>"; };
		C34D8290149DC2FD00D0413E /* en */ = {isa = PBXFileReference; lastKnownFileType = text.plist.strings; name = en; path = en.lproj/InfoPlist.strings; sourceTree = "<group>"; };
		C34D8292149DC2FD00D0413E /* main.m */ = {isa = PBXFileReference; lastKnownFileType = sourcecode.c.objc; path = main.m; sourceTree = "<group>"; };
		C34D8294149DC2FD00D0413E /* SampleVideoStreamApp-Prefix.pch */ = {isa = PBXFileReference; lastKnownFileType = sourcecode.c.h; path = "SampleVideoStreamApp-Prefix.pch"; sourceTree = "<group>"; };
		C34D8295149DC2FD00D0413E /* AppDelegate.h */ = {isa = PBXFileReference; lastKnownFileType = sourcecode.c.h; path = AppDelegate.h; sourceTree = "<group>"; };
		C34D8296149DC2FD00D0413E /* AppDelegate.m */ = {isa = PBXFileReference; lastKnownFileType = sourcecode.c.objc; path = AppDelegate.m; sourceTree = "<group>"; };
		C34D8299149DC2FD00D0413E /* en */ = {isa = PBXFileReference; lastKnownFileType = file.storyboard; name = en; path = en.lproj/MainStoryboard.storyboard; sourceTree = "<group>"; };
		C34D829B149DC2FD00D0413E /* ViewController.h */ = {isa = PBXFileReference; lastKnownFileType = sourcecode.c.h; path = ViewController.h; sourceTree = "<group>"; };
		C34D829C149DC2FD00D0413E /* ViewController.m */ = {isa = PBXFileReference; lastKnownFileType = sourcecode.c.objc; path = ViewController.m; sourceTree = "<group>"; };
		C34D82A3149DC33F00D0413E /* MediaPlayer.framework */ = {isa = PBXFileReference; lastKnownFileType = wrapper.framework; name = MediaPlayer.framework; path = System/Library/Frameworks/MediaPlayer.framework; sourceTree = SDKROOT; };
		C34D82A5149DC72200D0413E /* sample.m4v */ = {isa = PBXFileReference; lastKnownFileType = file; path = sample.m4v; sourceTree = "<group>"; };
/* End PBXFileReference section */

/* Begin PBXFrameworksBuildPhase section */
		C34D827F149DC2FD00D0413E /* Frameworks */ = {
			isa = PBXFrameworksBuildPhase;
			buildActionMask = 2147483647;
			files = (
				C34D82A4149DC33F00D0413E /* MediaPlayer.framework in Frameworks */,
				C34D8287149DC2FD00D0413E /* UIKit.framework in Frameworks */,
				C34D8289149DC2FD00D0413E /* Foundation.framework in Frameworks */,
				C34D828B149DC2FD00D0413E /* CoreGraphics.framework in Frameworks */,
			);
			runOnlyForDeploymentPostprocessing = 0;
		};
/* End PBXFrameworksBuildPhase section */

/* Begin PBXGroup section */
		C34D8277149DC2FD00D0413E = {
			isa = PBXGroup;
			children = (
				C34D828C149DC2FD00D0413E /* SampleVideoStreamApp */,
				C34D8285149DC2FD00D0413E /* Frameworks */,
				C34D8283149DC2FD00D0413E /* Products */,
			);
			sourceTree = "<group>";
		};
		C34D8283149DC2FD00D0413E /* Products */ = {
			isa = PBXGroup;
			children = (
				C34D8282149DC2FD00D0413E /* SampleVideoStreamApp.app */,
			);
			name = Products;
			sourceTree = "<group>";
		};
		C34D8285149DC2FD00D0413E /* Frameworks */ = {
			isa = PBXGroup;
			children = (
				C34D82A3149DC33F00D0413E /* MediaPlayer.framework */,
				C34D8286149DC2FD00D0413E /* UIKit.framework */,
				C34D8288149DC2FD00D0413E /* Foundation.framework */,
				C34D828A149DC2FD00D0413E /* CoreGraphics.framework */,
			);
			name = Frameworks;
			sourceTree = "<group>";
		};
		C34D828C149DC2FD00D0413E /* SampleVideoStreamApp */ = {
			isa = PBXGroup;
			children = (
				C34D82A5149DC72200D0413E /* sample.m4v */,
				C34D8295149DC2FD00D0413E /* AppDelegate.h */,
				C34D8296149DC2FD00D0413E /* AppDelegate.m */,
				C34D8298149DC2FD00D0413E /* MainStoryboard.storyboard */,
				C34D829B149DC2FD00D0413E /* ViewController.h */,
				C34D829C149DC2FD00D0413E /* ViewController.m */,
				C34D828D149DC2FD00D0413E /* Supporting Files */,
			);
			path = SampleVideoStreamApp;
			sourceTree = "<group>";
		};
		C34D828D149DC2FD00D0413E /* Supporting Files */ = {
			isa = PBXGroup;
			children = (
				C34D828E149DC2FD00D0413E /* SampleVideoStreamApp-Info.plist */,
				C34D828F149DC2FD00D0413E /* InfoPlist.strings */,
				C34D8292149DC2FD00D0413E /* main.m */,
				C34D8294149DC2FD00D0413E /* SampleVideoStreamApp-Prefix.pch */,
			);
			name = "Supporting Files";
			sourceTree = "<group>";
		};
/* End PBXGroup section */

/* Begin PBXNativeTarget section */
		C34D8281149DC2FD00D0413E /* SampleVideoStreamApp */ = {
			isa = PBXNativeTarget;
			buildConfigurationList = C34D82A0149DC2FD00D0413E /* Build configuration list for PBXNativeTarget "SampleVideoStreamApp" */;
			buildPhases = (
				C34D827E149DC2FD00D0413E /* Sources */,
				C34D827F149DC2FD00D0413E /* Frameworks */,
				C34D8280149DC2FD00D0413E /* Resources */,
			);
			buildRules = (
			);
			dependencies = (
			);
			name = SampleVideoStreamApp;
			productName = SampleVideoStreamApp;
			productReference = C34D8282149DC2FD00D0413E /* SampleVideoStreamApp.app */;
			productType = "com.apple.product-type.application";
		};
/* End PBXNativeTarget section */

/* Begin PBXProject section */
		C34D8279149DC2FD00D0413E /* Project object */ = {
			isa = PBXProject;
			attributes = {
				LastUpgradeCheck = 0420;
				ORGANIZATIONNAME = ThoughtWorks;
			};
			buildConfigurationList = C34D827C149DC2FD00D0413E /* Build configuration list for PBXProject "SampleVideoStreamApp" */;
			compatibilityVersion = "Xcode 3.2";
			developmentRegion = English;
			hasScannedForEncodings = 0;
			knownRegions = (
				en,
			);
			mainGroup = C34D8277149DC2FD00D0413E;
			productRefGroup = C34D8283149DC2FD00D0413E /* Products */;
			projectDirPath = "";
			projectRoot = "";
			targets = (
				C34D8281149DC2FD00D0413E /* SampleVideoStreamApp */,
			);
		};
/* End PBXProject section */

/* Begin PBXResourcesBuildPhase section */
		C34D8280149DC2FD00D0413E /* Resources */ = {
			isa = PBXResourcesBuildPhase;
			buildActionMask = 2147483647;
			files = (
				C34D8291149DC2FD00D0413E /* InfoPlist.strings in Resources */,
				C34D829A149DC2FD00D0413E /* MainStoryboard.storyboard in Resources */,
				C34D82A6149DC72200D0413E /* sample.m4v in Resources */,
			);
			runOnlyForDeploymentPostprocessing = 0;
		};
/* End PBXResourcesBuildPhase section */

/* Begin PBXSourcesBuildPhase section */
		C34D827E149DC2FD00D0413E /* Sources */ = {
			isa = PBXSourcesBuildPhase;
			buildActionMask = 2147483647;
			files = (
				C34D8293149DC2FD00D0413E /* main.m in Sources */,
				C34D8297149DC2FD00D0413E /* AppDelegate.m in Sources */,
				C34D829D149DC2FD00D0413E /* ViewController.m in Sources */,
			);
			runOnlyForDeploymentPostprocessing = 0;
		};
/* End PBXSourcesBuildPhase section */

/* Begin PBXVariantGroup section */
		C34D828F149DC2FD00D0413E /* InfoPlist.strings */ = {
			isa = PBXVariantGroup;
			children = (
				C34D8290149DC2FD00D0413E /* en */,
			);
			name = InfoPlist.strings;
			sourceTree = "<group>";
		};
		C34D8298149DC2FD00D0413E /* MainStoryboard.storyboard */ = {
			isa = PBXVariantGroup;
			children = (
				C34D8299149DC2FD00D0413E /* en */,
			);
			name = MainStoryboard.storyboard;
			sourceTree = "<group>";
		};
/* End PBXVariantGroup section */

/* Begin XCBuildConfiguration section */
		C34D829E149DC2FD00D0413E /* Debug */ = {
			isa = XCBuildConfiguration;
			buildSettings = {
				ALWAYS_SEARCH_USER_PATHS = NO;
				ARCHS = "$(ARCHS_STANDARD_32_BIT)";
				CLANG_ENABLE_OBJC_ARC = YES;
				"CODE_SIGN_IDENTITY[sdk=iphoneos*]" = "iPhone Developer";
				COPY_PHASE_STRIP = NO;
				GCC_C_LANGUAGE_STANDARD = gnu99;
				GCC_DYNAMIC_NO_PIC = NO;
				GCC_OPTIMIZATION_LEVEL = 0;
				GCC_PREPROCESSOR_DEFINITIONS = (
					"DEBUG=1",
					"$(inherited)",
				);
				GCC_SYMBOLS_PRIVATE_EXTERN = NO;
				GCC_VERSION = com.apple.compilers.llvm.clang.1_0;
				GCC_WARN_ABOUT_MISSING_PROTOTYPES = YES;
				GCC_WARN_ABOUT_RETURN_TYPE = YES;
				GCC_WARN_UNUSED_VARIABLE = YES;
				IPHONEOS_DEPLOYMENT_TARGET = 5.0;
				SDKROOT = iphoneos;
				TARGETED_DEVICE_FAMILY = 2;
			};
			name = Debug;
		};
		C34D829F149DC2FD00D0413E /* Release */ = {
			isa = XCBuildConfiguration;
			buildSettings = {
				ALWAYS_SEARCH_USER_PATHS = NO;
				ARCHS = "$(ARCHS_STANDARD_32_BIT)";
				CLANG_ENABLE_OBJC_ARC = YES;
				"CODE_SIGN_IDENTITY[sdk=iphoneos*]" = "iPhone Developer";
				COPY_PHASE_STRIP = YES;
				GCC_C_LANGUAGE_STANDARD = gnu99;
				GCC_VERSION = com.apple.compilers.llvm.clang.1_0;
				GCC_WARN_ABOUT_MISSING_PROTOTYPES = YES;
				GCC_WARN_ABOUT_RETURN_TYPE = YES;
				GCC_WARN_UNUSED_VARIABLE = YES;
				IPHONEOS_DEPLOYMENT_TARGET = 5.0;
				OTHER_CFLAGS = "-DNS_BLOCK_ASSERTIONS=1";
				SDKROOT = iphoneos;
				TARGETED_DEVICE_FAMILY = 2;
				VALIDATE_PRODUCT = YES;
			};
			name = Release;
		};
		C34D82A1149DC2FD00D0413E /* Debug */ = {
			isa = XCBuildConfiguration;
			buildSettings = {
				GCC_PRECOMPILE_PREFIX_HEADER = YES;
				GCC_PREFIX_HEADER = "SampleVideoStreamApp/SampleVideoStreamApp-Prefix.pch";
				INFOPLIST_FILE = "SampleVideoStreamApp/SampleVideoStreamApp-Info.plist";
				PRODUCT_NAME = "$(TARGET_NAME)";
				WRAPPER_EXTENSION = app;
			};
			name = Debug;
		};
		C34D82A2149DC2FD00D0413E /* Release */ = {
			isa = XCBuildConfiguration;
			buildSettings = {
				GCC_PRECOMPILE_PREFIX_HEADER = YES;
				GCC_PREFIX_HEADER = "SampleVideoStreamApp/SampleVideoStreamApp-Prefix.pch";
				INFOPLIST_FILE = "SampleVideoStreamApp/SampleVideoStreamApp-Info.plist";
				PRODUCT_NAME = "$(TARGET_NAME)";
				WRAPPER_EXTENSION = app;
			};
			name = Release;
		};
/* End XCBuildConfiguration section */

/* Begin XCConfigurationList section */
		C34D827C149DC2FD00D0413E /* Build configuration list for PBXProject "SampleVideoStreamApp" */ = {
			isa = XCConfigurationList;
			buildConfigurations = (
				C34D829E149DC2FD00D0413E /* Debug */,
				C34D829F149DC2FD00D0413E /* Release */,
			);
			defaultConfigurationIsVisible = 0;
			defaultConfigurationName = Release;
		};
		C34D82A0149DC2FD00D0413E /* Build configuration list for PBXNativeTarget "SampleVideoStreamApp" */ = {
			isa = XCConfigurationList;
			buildConfigurations = (
				C34D82A1149DC2FD00D0413E /* Debug */,
				C34D82A2149DC2FD00D0413E /* Release */,
			);
			defaultConfigurationIsVisible = 0;
		};
/* End XCConfigurationList section */
	};
	rootObject = C34D8279149DC2FD00D0413E /* Project object */;
}
